// !$*UTF8*$!
{
	archiveVersion = 1;
	classes = {
	};
	objectVersion = 46;
	objects = {

/* Begin PBXBuildFile section */
		271029186B5ECE8AAD860758 /* utils.c in Sources */ = {isa = PBXBuildFile; fileRef = 4741D100690D7E32A5C2A740 /* utils.c */; };
		5922872C9D712C9EDF98656C /* rcore.c in Sources */ = {isa = PBXBuildFile; fileRef = 7CC4E3D49E909106DB45BA14 /* rcore.c */; };
		62E2BBDBBE240F4D917E5A1B /* raygui.c in Sources */ = {isa = PBXBuildFile; fileRef = 46F51AC35E07B5F54E23B103 /* raygui.c */; };
		892C5FA9E46DB31BB7C7FDE9 /* physac.c in Sources */ = {isa = PBXBuildFile; fileRef = 762718B18D39B3E37D55AEF1 /* physac.c */; };
		9C7B59E263095154D10B7822 /* rtextures.c in Sources */ = {isa = PBXBuildFile; fileRef = C8435C2A5DBA1B5CCC56726A /* rtextures.c */; };
		BE7E7B622BA689D42D3979A2 /* rshapes.c in Sources */ = {isa = PBXBuildFile; fileRef = A9B6E7AAF719DDDC6D38DDEA /* rshapes.c */; };
		C9B7921E5C455C10C51E005E /* raudio.c in Sources */ = {isa = PBXBuildFile; fileRef = 4CFB49A610670B584F0AAFE6 /* raudio.c */; };
		D03199FA14803F6C56A7783A /* rglfw.c in Sources */ = {isa = PBXBuildFile; fileRef = 285B52C24A26FFF486DC2902 /* rglfw.c */; };
		DFC661A424150716663C3FE4 /* rtext.c in Sources */ = {isa = PBXBuildFile; fileRef = 888F9ACCAA5B47FEE710710C /* rtext.c */; };
		F7EAD9626512E7D466A5D7A2 /* rmodels.c in Sources */ = {isa = PBXBuildFile; fileRef = 0D4265AA5AA55BDCD0C45BEA /* rmodels.c */; };
/* End PBXBuildFile section */

/* Begin PBXFileReference section */
		0D4265AA5AA55BDCD0C45BEA /* rmodels.c */ = {isa = PBXFileReference; lastKnownFileType = sourcecode.c.c; name = rmodels.c; path = ../raylib/src/rmodels.c; sourceTree = "<group>"; };
		1687B754D9F3790618971D94 /* config.h */ = {isa = PBXFileReference; lastKnownFileType = sourcecode.c.h; name = config.h; path = ../raylib/src/config.h; sourceTree = "<group>"; };
		285B52C24A26FFF486DC2902 /* rglfw.c */ = {isa = PBXFileReference; lastKnownFileType = sourcecode.c.c; name = rglfw.c; path = ../raylib/src/rglfw.c; sourceTree = "<group>"; };
		298DE55476F0DB86ED0FDB94 /* raymath.h */ = {isa = PBXFileReference; lastKnownFileType = sourcecode.c.h; name = raymath.h; path = ../raylib/src/raymath.h; sourceTree = "<group>"; };
		3FBF192E032ADAE041CE7F6E /* raylib.h */ = {isa = PBXFileReference; lastKnownFileType = sourcecode.c.h; name = raylib.h; path = ../raylib/src/raylib.h; sourceTree = "<group>"; };
		46F51AC35E07B5F54E23B103 /* raygui.c */ = {isa = PBXFileReference; lastKnownFileType = sourcecode.c.c; name = raygui.c; path = src/raygui.c; sourceTree = "<group>"; };
		4741D100690D7E32A5C2A740 /* utils.c */ = {isa = PBXFileReference; lastKnownFileType = sourcecode.c.c; name = utils.c; path = ../raylib/src/utils.c; sourceTree = "<group>"; };
		479B15AA6966C2DCA61BEBEA /* utils.h */ = {isa = PBXFileReference; lastKnownFileType = sourcecode.c.h; name = utils.h; path = ../raylib/src/utils.h; sourceTree = "<group>"; };
		4CFB49A610670B584F0AAFE6 /* raudio.c */ = {isa = PBXFileReference; lastKnownFileType = sourcecode.c.c; name = raudio.c; path = ../raylib/src/raudio.c; sourceTree = "<group>"; };
		4D2DD2F0109994A24F3D3930 /* raudio.h */ = {isa = PBXFileReference; lastKnownFileType = sourcecode.c.h; name = raudio.h; path = ../raylib/src/raudio.h; sourceTree = "<group>"; };
		624599D0A6943F42E8BB7810 /* raygui.h */ = {isa = PBXFileReference; lastKnownFileType = sourcecode.c.h; name = raygui.h; path = ../raylib/src/extras/raygui.h; sourceTree = "<group>"; };
		6415B97EB178AFB02797AFBE /* rcamera.h */ = {isa = PBXFileReference; lastKnownFileType = sourcecode.c.h; name = rcamera.h; path = ../raylib/src/rcamera.h; sourceTree = "<group>"; };
		73EB70106DAD2C82A7AC2E50 /* rmem.h */ = {isa = PBXFileReference; lastKnownFileType = sourcecode.c.h; name = rmem.h; path = ../raylib/src/extras/rmem.h; sourceTree = "<group>"; };
		762718B18D39B3E37D55AEF1 /* physac.c */ = {isa = PBXFileReference; lastKnownFileType = sourcecode.c.c; name = physac.c; path = src/physac.c; sourceTree = "<group>"; };
		7CC4E3D49E909106DB45BA14 /* rcore.c */ = {isa = PBXFileReference; lastKnownFileType = sourcecode.c.c; name = rcore.c; path = ../raylib/src/rcore.c; sourceTree = "<group>"; };
		84DA1C0AAD14D4BC94B0624A /* rlgl.h */ = {isa = PBXFileReference; lastKnownFileType = sourcecode.c.h; name = rlgl.h; path = ../raylib/src/rlgl.h; sourceTree = "<group>"; };
		87AC1DA21A39E79483128BE2 /* easings.h */ = {isa = PBXFileReference; lastKnownFileType = sourcecode.c.h; name = easings.h; path = ../raylib/src/extras/easings.h; sourceTree = "<group>"; };
		888F9ACCAA5B47FEE710710C /* rtext.c */ = {isa = PBXFileReference; lastKnownFileType = sourcecode.c.c; name = rtext.c; path = ../raylib/src/rtext.c; sourceTree = "<group>"; };
		A9B6E7AAF719DDDC6D38DDEA /* rshapes.c */ = {isa = PBXFileReference; lastKnownFileType = sourcecode.c.c; name = rshapes.c; path = ../raylib/src/rshapes.c; sourceTree = "<group>"; };
		AF2739F0449DF922B33A5030 /* rgestures.h */ = {isa = PBXFileReference; lastKnownFileType = sourcecode.c.h; name = rgestures.h; path = ../raylib/src/rgestures.h; sourceTree = "<group>"; };
		C8435C2A5DBA1B5CCC56726A /* rtextures.c */ = {isa = PBXFileReference; lastKnownFileType = sourcecode.c.c; name = rtextures.c; path = ../raylib/src/rtextures.c; sourceTree = "<group>"; };
		D80D249E1C5BCA105E8302DE /* physac.h */ = {isa = PBXFileReference; lastKnownFileType = sourcecode.c.h; name = physac.h; path = ../raylib/src/extras/physac.h; sourceTree = "<group>"; };
		F11269FFB47E2BB1F321D03F /* libraylib-with-extras.a */ = {isa = PBXFileReference; explicitFileType = archive.ar; includeInIndex = 0; name = "libraylib-with-extras.a"; path = "libraylib-with-extras.a"; sourceTree = BUILT_PRODUCTS_DIR; };
/* End PBXFileReference section */

/* Begin PBXFrameworksBuildPhase section */
		7E7937EFA6B3F0A18E4F7E2F /* Frameworks */ = {
			isa = PBXFrameworksBuildPhase;
			buildActionMask = 2147483647;
			files = (
			);
			runOnlyForDeploymentPostprocessing = 0;
		};
/* End PBXFrameworksBuildPhase section */

/* Begin PBXCopyFilesBuildPhase section */
		D772401BF93DED4D35F3165B /* Embed Libraries */ = {
			isa = PBXCopyFilesBuildPhase;
			buildActionMask = 2147483647;
			dstPath = "";
			dstSubfolderSpec = 10;
			files = (
			);
			name = "Embed Libraries";
			runOnlyForDeploymentPostprocessing = 0;
		};
/* End PBXCopyFilesBuildPhase section */

/* Begin PBXGroup section */
		3EB20D3E607DBA709D32E37E /* Extras Sources */ = {
			isa = PBXGroup;
			children = (
				762718B18D39B3E37D55AEF1 /* physac.c */,
				46F51AC35E07B5F54E23B103 /* raygui.c */,
			);
			name = "Extras Sources";
			sourceTree = "<group>";
		};
		8F1EDA50D78FBE821C2E9090 /* Source Files */ = {
			isa = PBXGroup;
			children = (
				4CFB49A610670B584F0AAFE6 /* raudio.c */,
				7CC4E3D49E909106DB45BA14 /* rcore.c */,
				285B52C24A26FFF486DC2902 /* rglfw.c */,
				0D4265AA5AA55BDCD0C45BEA /* rmodels.c */,
				A9B6E7AAF719DDDC6D38DDEA /* rshapes.c */,
				888F9ACCAA5B47FEE710710C /* rtext.c */,
				C8435C2A5DBA1B5CCC56726A /* rtextures.c */,
				4741D100690D7E32A5C2A740 /* utils.c */,
			);
			name = "Source Files";
			sourceTree = "<group>";
		};
		A6C936B49B3FADE6EA134CF4 /* Products */ = {
			isa = PBXGroup;
			children = (
				F11269FFB47E2BB1F321D03F /* libraylib-with-extras.a */,
			);
			name = Products;
			sourceTree = "<group>";
		};
		C98A48C011FB2CF25699FF00 /* Header Files */ = {
			isa = PBXGroup;
			children = (
				1687B754D9F3790618971D94 /* config.h */,
				87AC1DA21A39E79483128BE2 /* easings.h */,
				D80D249E1C5BCA105E8302DE /* physac.h */,
				4D2DD2F0109994A24F3D3930 /* raudio.h */,
				624599D0A6943F42E8BB7810 /* raygui.h */,
				3FBF192E032ADAE041CE7F6E /* raylib.h */,
				298DE55476F0DB86ED0FDB94 /* raymath.h */,
				6415B97EB178AFB02797AFBE /* rcamera.h */,
				AF2739F0449DF922B33A5030 /* rgestures.h */,
				84DA1C0AAD14D4BC94B0624A /* rlgl.h */,
				73EB70106DAD2C82A7AC2E50 /* rmem.h */,
				479B15AA6966C2DCA61BEBEA /* utils.h */,
			);
			name = "Header Files";
			sourceTree = "<group>";
		};
		F4DFBB10993258C2AB6AA150 /* raylib-with-extras */ = {
			isa = PBXGroup;
			children = (
				3EB20D3E607DBA709D32E37E /* Extras Sources */,
				C98A48C011FB2CF25699FF00 /* Header Files */,
				8F1EDA50D78FBE821C2E9090 /* Source Files */,
				A6C936B49B3FADE6EA134CF4 /* Products */,
			);
			name = "raylib-with-extras";
			sourceTree = "<group>";
		};
/* End PBXGroup section */

/* Begin PBXNativeTarget section */
		F2257E054D66D17720C11C45 /* raylib-with-extras */ = {
			isa = PBXNativeTarget;
			buildConfigurationList = 6CB4804E94EF39007C8AC68E /* Build configuration list for PBXNativeTarget "raylib-with-extras" */;
			buildPhases = (
				EE60B88F169B7141FE36FECF /* Resources */,
				580DD1E680488A9867E41826 /* Sources */,
				7E7937EFA6B3F0A18E4F7E2F /* Frameworks */,
				D772401BF93DED4D35F3165B /* Embed Libraries */,
			);
			buildRules = (
			);
			dependencies = (
			);
			name = "raylib-with-extras";
			productName = "raylib-with-extras";
			productReference = F11269FFB47E2BB1F321D03F /* libraylib-with-extras.a */;
			productType = "com.apple.product-type.library.static";
		};
/* End PBXNativeTarget section */

/* Begin PBXProject section */
		08FB7793FE84155DC02AAC07 /* Project object */ = {
			isa = PBXProject;
			buildConfigurationList = 1DEB928908733DD80010E9CD /* Build configuration list for PBXProject "raylib-with-extras" */;
			compatibilityVersion = "Xcode 3.2";
			hasScannedForEncodings = 1;
			mainGroup = F4DFBB10993258C2AB6AA150 /* raylib-with-extras */;
			projectDirPath = "";
			projectRoot = "";
			targets = (
				F2257E054D66D17720C11C45 /* libraylib-with-extras.a */,
			);
		};
/* End PBXProject section */

/* Begin PBXResourcesBuildPhase section */
		EE60B88F169B7141FE36FECF /* Resources */ = {
			isa = PBXResourcesBuildPhase;
			buildActionMask = 2147483647;
			files = (
			);
			runOnlyForDeploymentPostprocessing = 0;
		};
/* End PBXResourcesBuildPhase section */

/* Begin PBXSourcesBuildPhase section */
		580DD1E680488A9867E41826 /* Sources */ = {
			isa = PBXSourcesBuildPhase;
			buildActionMask = 2147483647;
			files = (
				892C5FA9E46DB31BB7C7FDE9 /* physac.c in Sources */,
				62E2BBDBBE240F4D917E5A1B /* raygui.c in Sources */,
				C9B7921E5C455C10C51E005E /* raudio.c in Sources */,
				5922872C9D712C9EDF98656C /* rcore.c in Sources */,
				D03199FA14803F6C56A7783A /* rglfw.c in Sources */,
				F7EAD9626512E7D466A5D7A2 /* rmodels.c in Sources */,
				BE7E7B622BA689D42D3979A2 /* rshapes.c in Sources */,
				DFC661A424150716663C3FE4 /* rtext.c in Sources */,
				9C7B59E263095154D10B7822 /* rtextures.c in Sources */,
				271029186B5ECE8AAD860758 /* utils.c in Sources */,
			);
			runOnlyForDeploymentPostprocessing = 0;
		};
/* End PBXSourcesBuildPhase section */

/* Begin PBXVariantGroup section */
/* End PBXVariantGroup section */

/* Begin XCBuildConfiguration section */
		0C0C3AE93B9E09DB16AB4929 /* Debug.DLL */ = {
			isa = XCBuildConfiguration;
			buildSettings = {
				CLANG_CXX_LANGUAGE_STANDARD = "c++1z";
				CONFIGURATION_BUILD_DIR = "$(SYMROOT)";
				CONFIGURATION_TEMP_DIR = "$(OBJROOT)";
				COPY_PHASE_STRIP = NO;
				GCC_ENABLE_FIX_AND_CONTINUE = YES;
				GCC_OPTIMIZATION_LEVEL = 0;
				GCC_PREPROCESSOR_DEFINITIONS = (
					DEBUG,
					PLATFORM_DESKTOP,
					GRAPHICS_API_OPENGL_33,
					BUILD_LIBTYPE_SHARED,
				);
				GCC_SYMBOLS_PRIVATE_EXTERN = NO;
				GCC_WARN_ABOUT_RETURN_TYPE = YES;
				GCC_WARN_UNUSED_VARIABLE = YES;
				OBJROOT = obj/x64/Debug.DLL;
				ONLY_ACTIVE_ARCH = YES;
				SYMROOT = bin/Debug.DLL;
				USER_HEADER_SEARCH_PATHS = (
					../raylib/src,
					../raylib/src/extras,
					../raylib/src/external/glfw/include,
					src,
				);
			};
			name = Debug.DLL;
		};
		162D7A14E450CDC66B5F2054 /* Debug */ = {
			isa = XCBuildConfiguration;
			buildSettings = {
				ALWAYS_SEARCH_USER_PATHS = NO;
				CONFIGURATION_BUILD_DIR = bin/Debug;
				DEBUG_INFORMATION_FORMAT = "dwarf-with-dsym";
				GCC_DYNAMIC_NO_PIC = NO;
				INSTALL_PATH = /usr/local/lib;
				PRODUCT_NAME = "raylib-with-extras";
			};
			name = Debug;
		};
		2DBDFEDE3FE7DB9073D8C51E /* Debug.DLL */ = {
			isa = XCBuildConfiguration;
			buildSettings = {
				ALWAYS_SEARCH_USER_PATHS = NO;
				CONFIGURATION_BUILD_DIR = bin/Debug.DLL;
				DEBUG_INFORMATION_FORMAT = "dwarf-with-dsym";
				EXECUTABLE_PREFIX = lib;
				GCC_DYNAMIC_NO_PIC = NO;
				INSTALL_PATH = /usr/local/lib;
				PRODUCT_NAME = "raylib-with-extras";
			};
			name = Debug.DLL;
		};
		6D5465E3C895B9559BF00423 /* Release.DLL */ = {
			isa = XCBuildConfiguration;
			buildSettings = {
				CLANG_CXX_LANGUAGE_STANDARD = "c++1z";
				CONFIGURATION_BUILD_DIR = "$(SYMROOT)";
				CONFIGURATION_TEMP_DIR = "$(OBJROOT)";
				GCC_OPTIMIZATION_LEVEL = 3;
				GCC_PREPROCESSOR_DEFINITIONS = (
					NDEBUG,
					PLATFORM_DESKTOP,
					GRAPHICS_API_OPENGL_33,
					BUILD_LIBTYPE_SHARED,
				);
				GCC_SYMBOLS_PRIVATE_EXTERN = NO;
				GCC_WARN_ABOUT_RETURN_TYPE = YES;
				GCC_WARN_UNUSED_VARIABLE = YES;
				OBJROOT = obj/x64/Release.DLL;
				ONLY_ACTIVE_ARCH = NO;
				SYMROOT = bin/Release.DLL;
				USER_HEADER_SEARCH_PATHS = (
					../raylib/src,
					../raylib/src/extras,
					../raylib/src/external/glfw/include,
					src,
				);
			};
			name = Release.DLL;
		};
		888E5B99DF1BC60BB794D9D9 /* Release */ = {
			isa = XCBuildConfiguration;
			buildSettings = {
				CLANG_CXX_LANGUAGE_STANDARD = "c++1z";
				CONFIGURATION_BUILD_DIR = "$(SYMROOT)";
				CONFIGURATION_TEMP_DIR = "$(OBJROOT)";
				GCC_OPTIMIZATION_LEVEL = 3;
				GCC_PREPROCESSOR_DEFINITIONS = (
					NDEBUG,
					PLATFORM_DESKTOP,
					GRAPHICS_API_OPENGL_33,
				);
				GCC_SYMBOLS_PRIVATE_EXTERN = NO;
				GCC_WARN_ABOUT_RETURN_TYPE = YES;
				GCC_WARN_UNUSED_VARIABLE = YES;
				OBJROOT = obj/x64/Release;
				ONLY_ACTIVE_ARCH = NO;
				SYMROOT = bin/Release;
				USER_HEADER_SEARCH_PATHS = (
					../raylib/src,
					../raylib/src/extras,
					../raylib/src/external/glfw/include,
					src,
				);
			};
			name = Release;
		};
		88D35BD8CCE72D0AC0B8B218 /* Release.DLL */ = {
			isa = XCBuildConfiguration;
			buildSettings = {
				ALWAYS_SEARCH_USER_PATHS = NO;
				CONFIGURATION_BUILD_DIR = bin/Release.DLL;
				DEBUG_INFORMATION_FORMAT = "dwarf-with-dsym";
				EXECUTABLE_PREFIX = lib;
				GCC_DYNAMIC_NO_PIC = NO;
				INSTALL_PATH = /usr/local/lib;
				PRODUCT_NAME = "raylib-with-extras";
			};
			name = Release.DLL;
		};
		8F889D9F7A74C391C25A8BDF /* Debug */ = {
			isa = XCBuildConfiguration;
			buildSettings = {
				CLANG_CXX_LANGUAGE_STANDARD = "c++1z";
				CONFIGURATION_BUILD_DIR = "$(SYMROOT)";
				CONFIGURATION_TEMP_DIR = "$(OBJROOT)";
				COPY_PHASE_STRIP = NO;
				GCC_ENABLE_FIX_AND_CONTINUE = YES;
				GCC_OPTIMIZATION_LEVEL = 0;
				GCC_PREPROCESSOR_DEFINITIONS = (
					DEBUG,
					PLATFORM_DESKTOP,
					GRAPHICS_API_OPENGL_33,
				);
				GCC_SYMBOLS_PRIVATE_EXTERN = NO;
				GCC_WARN_ABOUT_RETURN_TYPE = YES;
				GCC_WARN_UNUSED_VARIABLE = YES;
				OBJROOT = obj/x64/Debug;
				ONLY_ACTIVE_ARCH = YES;
				SYMROOT = bin/Debug;
				USER_HEADER_SEARCH_PATHS = (
					../raylib/src,
					../raylib/src/extras,
					../raylib/src/external/glfw/include,
					src,
				);
			};
			name = Debug;
		};
		9E376A0E827E7240066BA04E /* Release */ = {
			isa = XCBuildConfiguration;
			buildSettings = {
				ALWAYS_SEARCH_USER_PATHS = NO;
				CONFIGURATION_BUILD_DIR = bin/Release;
				DEBUG_INFORMATION_FORMAT = "dwarf-with-dsym";
				GCC_DYNAMIC_NO_PIC = NO;
				INSTALL_PATH = /usr/local/lib;
				PRODUCT_NAME = "raylib-with-extras";
			};
			name = Release;
		};
/* End XCBuildConfiguration section */

/* Begin XCConfigurationList section */
		1DEB928908733DD80010E9CD /* Build configuration list for PBXProject "raylib-with-extras" */ = {
			isa = XCConfigurationList;
			buildConfigurations = (
				8F889D9F7A74C391C25A8BDF /* Debug */,
				0C0C3AE93B9E09DB16AB4929 /* Debug.DLL */,
				888E5B99DF1BC60BB794D9D9 /* Release */,
				6D5465E3C895B9559BF00423 /* Release.DLL */,
			);
			defaultConfigurationIsVisible = 0;
			defaultConfigurationName = Debug;
		};
		6CB4804E94EF39007C8AC68E /* Build configuration list for PBXNativeTarget "libraylib-with-extras.a" */ = {
			isa = XCConfigurationList;
			buildConfigurations = (
				162D7A14E450CDC66B5F2054 /* Debug */,
				2DBDFEDE3FE7DB9073D8C51E /* Debug.DLL */,
				9E376A0E827E7240066BA04E /* Release */,
				88D35BD8CCE72D0AC0B8B218 /* Release.DLL */,
			);
			defaultConfigurationIsVisible = 0;
			defaultConfigurationName = Debug;
		};
/* End XCConfigurationList section */
};
rootObject = 08FB7793FE84155DC02AAC07 /* Project object */;
}