<?xml version="1.0" encoding="utf-8"?>
<Project ToolsVersion="4.0" xmlns="http://schemas.microsoft.com/developer/msbuild/2003">
  <ItemGroup>
    <Filter Include="Extras Headers">
      <UniqueIdentifier>{F85301C8-E421-F5CD-CDB5-65F4B922D132}</UniqueIdentifier>
    </Filter>
    <Filter Include="Extras Sources">
      <UniqueIdentifier>{C013872F-ACE1-7A35-9575-EB5B81E2569A}</UniqueIdentifier>
    </Filter>
    <Filter Include="Header Files">
      <UniqueIdentifier>{21EB8090-0D4E-1035-B6D3-48EBA215DCB7}</UniqueIdentifier>
    </Filter>
    <Filter Include="Source Files">
      <UniqueIdentifier>{E9C7FDCE-D52A-8D73-7EB0-C5296AF258F6}</UniqueIdentifier>
    </Filter>
  </ItemGroup>
  <ItemGroup>
    <ClInclude Include="..\physac\src\physac.h">
      <Filter>Extras Headers</Filter>
    </ClInclude>
    <ClInclude Include="..\raygui\src\raygui.h">
      <Filter>Extras Headers</Filter>
    </ClInclude>
    <ClInclude Include="..\raylib\src\config.h">
      <Filter>Header Files</Filter>
    </ClInclude>
    <ClInclude Include="..\raylib\src\raylib.h">
      <Filter>Header Files</Filter>
    </ClInclude>
    <ClInclude Include="..\raylib\src\raymath.h">
      <Filter>Header Files</Filter>
    </ClInclude>
    <ClInclude Include="..\raylib\src\rcamera.h">
      <Filter>Header Files</Filter>
    </ClInclude>
    <ClInclude Include="..\raylib\src\rgestures.h">
      <Filter>Header Files</Filter>
    </ClInclude>
    <ClInclude Include="..\raylib\src\rlgl.h">
      <Filter>Header Files</Filter>
    </ClInclude>
    <ClInclude Include="..\raylib\src\utils.h">
      <Filter>Header Files</Filter>
    </ClInclude>
    <ClInclude Include="..\rres\src\external\aes.h">
      <Filter>Extras Headers</Filter>
    </ClInclude>
    <ClInclude Include="..\rres\src\external\lz4.h">
      <Filter>Extras Headers</Filter>
    </ClInclude>
    <ClInclude Include="..\rres\src\external\monocypher.h">
      <Filter>Extras Headers</Filter>
    </ClInclude>
    <ClInclude Include="..\rres\src\external\qoi.h">
      <Filter>Extras Headers</Filter>
    </ClInclude>
    <ClInclude Include="..\rres\src\rres-raylib.h">
      <Filter>Extras Headers</Filter>
    </ClInclude>
    <ClInclude Include="..\rres\src\rres.h">
      <Filter>Extras Headers</Filter>
    </ClInclude>
  </ItemGroup>
  <ItemGroup>
    <ClCompile Include="..\raylib-extra-shims\src\physac.c">
      <Filter>Extras Sources</Filter>
    </ClCompile>
    <ClCompile Include="..\raylib-extra-shims\src\raygui.c">
      <Filter>Extras Sources</Filter>
    </ClCompile>
    <ClCompile Include="..\raylib-extra-shims\src\rres.c">
      <Filter>Extras Sources</Filter>
    </ClCompile>
    <ClCompile Include="..\raylib\src\raudio.c">
      <Filter>Source Files</Filter>
    </ClCompile>
    <ClCompile Include="..\raylib\src\rcore.c">
      <Filter>Source Files</Filter>
    </ClCompile>
    <ClCompile Include="..\raylib\src\rglfw.c">
      <Filter>Source Files</Filter>
    </ClCompile>
    <ClCompile Include="..\raylib\src\rmodels.c">
      <Filter>Source Files</Filter>
    </ClCompile>
    <ClCompile Include="..\raylib\src\rshapes.c">
      <Filter>Source Files</Filter>
    </ClCompile>
    <ClCompile Include="..\raylib\src\rtext.c">
      <Filter>Source Files</Filter>
    </ClCompile>
    <ClCompile Include="..\raylib\src\rtextures.c">
      <Filter>Source Files</Filter>
    </ClCompile>
    <ClCompile Include="..\raylib\src\utils.c">
      <Filter>Source Files</Filter>
    </ClCompile>
  </ItemGroup>
</Project>